
Microsoft Visual Studio Solution File, Format Version 12.00
# Visual Studio Version 17
VisualStudioVersion = 17.3.32804.467
MinimumVisualStudioVersion = 10.0.40219.1
Project("{FAE04EC0-301F-11D3-BF4B-00C04F79EFBC}") = "Spacesnumbers", "Spacesnumbers.csproj", "{2EA77033-2051-45FB-AF11-944F8658DB17}"
EndProject
Global
	GlobalSection(SolutionConfigurationPlatforms) = preSolution
		Debug|Any CPU = Debug|Any CPU
		Release|Any CPU = Release|Any CPU
	EndGlobalSection
	GlobalSection(ProjectConfigurationPlatforms) = postSolution
		{2EA77033-2051-45FB-AF11-944F8658DB17}.Debug|Any CPU.ActiveCfg = Debug|Any CPU
		{2EA77033-2051-45FB-AF11-944F8658DB17}.Debug|Any CPU.Build.0 = Debug|Any CPU
		{2EA77033-2051-45FB-AF11-944F8658DB17}.Release|Any CPU.ActiveCfg = Release|Any CPU
		{2EA77033-2051-45FB-AF11-944F8658DB17}.Release|Any CPU.Build.0 = Release|Any CPU
	EndGlobalSection
	GlobalSection(SolutionProperties) = preSolution
		HideSolutionNode = FALSE
	EndGlobalSection
	GlobalSection(ExtensibilityGlobals) = postSolution
		SolutionGuid = {7C625F2F-BC61-4D36-B207-563454DA3AAC}
	EndGlobalSection
EndGlobal
