
Microsoft Visual Studio Solution File, Format Version 12.00
# Visual Studio Version 17
VisualStudioVersion = 17.3.32804.467
MinimumVisualStudioVersion = 10.0.40219.1
Project("{FAE04EC0-301F-11D3-BF4B-00C04F79EFBC}") = "conversiontemp", "conversiontemp.csproj", "{86D19D2B-2F9E-4170-BD19-ACE37B7042F2}"
EndProject
Global
	GlobalSection(SolutionConfigurationPlatforms) = preSolution
		Debug|Any CPU = Debug|Any CPU
		Release|Any CPU = Release|Any CPU
	EndGlobalSection
	GlobalSection(ProjectConfigurationPlatforms) = postSolution
		{86D19D2B-2F9E-4170-BD19-ACE37B7042F2}.Debug|Any CPU.ActiveCfg = Debug|Any CPU
		{86D19D2B-2F9E-4170-BD19-ACE37B7042F2}.Debug|Any CPU.Build.0 = Debug|Any CPU
		{86D19D2B-2F9E-4170-BD19-ACE37B7042F2}.Release|Any CPU.ActiveCfg = Release|Any CPU
		{86D19D2B-2F9E-4170-BD19-ACE37B7042F2}.Release|Any CPU.Build.0 = Release|Any CPU
	EndGlobalSection
	GlobalSection(SolutionProperties) = preSolution
		HideSolutionNode = FALSE
	EndGlobalSection
	GlobalSection(ExtensibilityGlobals) = postSolution
		SolutionGuid = {45475139-0858-40A0-BA22-8D22DA592C65}
	EndGlobalSection
EndGlobal
