
Microsoft Visual Studio Solution File, Format Version 12.00
# Visual Studio Version 17
VisualStudioVersion = 17.3.32804.467
MinimumVisualStudioVersion = 10.0.40219.1
Project("{FAE04EC0-301F-11D3-BF4B-00C04F79EFBC}") = "meter2kilo_vice", "meter2kilo_vice.csproj", "{A86C73CD-D4C4-4CB4-B9EE-08A97EFF27CF}"
EndProject
Global
	GlobalSection(SolutionConfigurationPlatforms) = preSolution
		Debug|Any CPU = Debug|Any CPU
		Release|Any CPU = Release|Any CPU
	EndGlobalSection
	GlobalSection(ProjectConfigurationPlatforms) = postSolution
		{A86C73CD-D4C4-4CB4-B9EE-08A97EFF27CF}.Debug|Any CPU.ActiveCfg = Debug|Any CPU
		{A86C73CD-D4C4-4CB4-B9EE-08A97EFF27CF}.Debug|Any CPU.Build.0 = Debug|Any CPU
		{A86C73CD-D4C4-4CB4-B9EE-08A97EFF27CF}.Release|Any CPU.ActiveCfg = Release|Any CPU
		{A86C73CD-D4C4-4CB4-B9EE-08A97EFF27CF}.Release|Any CPU.Build.0 = Release|Any CPU
	EndGlobalSection
	GlobalSection(SolutionProperties) = preSolution
		HideSolutionNode = FALSE
	EndGlobalSection
	GlobalSection(ExtensibilityGlobals) = postSolution
		SolutionGuid = {1692B5AB-54F5-4FD7-AAEA-834B43CE0542}
	EndGlobalSection
EndGlobal
